
Microsoft Visual Studio Solution File, Format Version 12.00
# Visual Studio Version 16
VisualStudioVersion = 16.0.30225.117
MinimumVisualStudioVersion = 10.0.40219.1
Project("{FAE04EC0-301F-11D3-BF4B-00C04F79EFBC}") = "Utilities", "Utilities\Utilities.csproj", "{9C9F3BF3-96AA-4B64-91FE-3A3FE7A2DE04}"
EndProject
Global
	GlobalSection(SolutionConfigurationPlatforms) = preSolution
		Debug|Any CPU = Debug|Any CPU
		Release|Any CPU = Release|Any CPU
	EndGlobalSection
	GlobalSection(ProjectConfigurationPlatforms) = postSolution
		{9C9F3BF3-96AA-4B64-91FE-3A3FE7A2DE04}.Debug|Any CPU.ActiveCfg = Debug|Any CPU
		{9C9F3BF3-96AA-4B64-91FE-3A3FE7A2DE04}.Debug|Any CPU.Build.0 = Debug|Any CPU
		{9C9F3BF3-96AA-4B64-91FE-3A3FE7A2DE04}.Release|Any CPU.ActiveCfg = Release|Any CPU
		{9C9F3BF3-96AA-4B64-91FE-3A3FE7A2DE04}.Release|Any CPU.Build.0 = Release|Any CPU
	EndGlobalSection
	GlobalSection(SolutionProperties) = preSolution
		HideSolutionNode = FALSE
	EndGlobalSection
	GlobalSection(ExtensibilityGlobals) = postSolution
		SolutionGuid = {72C39067-E00D-461A-8688-2CCBB93CFB4D}
	EndGlobalSection
EndGlobal
